// !$*UTF8*$!
{
	archiveVersion = 1;
	classes = {
	};
	objectVersion = 77;
	objects = {

/* Begin PBXBuildFile section */
		FC7922C72F08B62B00A66398 /* DeviceActivity.framework in Frameworks */ = {isa = PBXBuildFile; fileRef = FC7922C62F08B62B00A66398 /* DeviceActivity.framework */; };
		FC7922CF2F08B62B00A66398 /* DeviceActivityMonitorExtension.appex in Embed Foundation Extensions */ = {isa = PBXBuildFile; fileRef = FC7922C42F08B62B00A66398 /* DeviceActivityMonitorExtension.appex */; settings = {ATTRIBUTES = (RemoveHeadersOnCopy, ); }; };
		FC7922DD2F08B77C00A66398 /* ManagedSettings.framework in Frameworks */ = {isa = PBXBuildFile; fileRef = FC7922DC2F08B77C00A66398 /* ManagedSettings.framework */; };
		FC7922DF2F08B77C00A66398 /* ManagedSettingsUI.framework in Frameworks */ = {isa = PBXBuildFile; fileRef = FC7922DE2F08B77C00A66398 /* ManagedSettingsUI.framework */; };
		FC7922E72F08B77C00A66398 /* ShieldConfigurationExtension.appex in Embed Foundation Extensions */ = {isa = PBXBuildFile; fileRef = FC7922DB2F08B77C00A66398 /* ShieldConfigurationExtension.appex */; settings = {ATTRIBUTES = (RemoveHeadersOnCopy, ); }; };
		FC7922F12F08B7A400A66398 /* ManagedSettings.framework in Frameworks */ = {isa = PBXBuildFile; fileRef = FC7922DC2F08B77C00A66398 /* ManagedSettings.framework */; };
		FC7922F92F08B7A400A66398 /* ShieldActionExtension.appex in Embed Foundation Extensions */ = {isa = PBXBuildFile; fileRef = FC7922F02F08B7A400A66398 /* ShieldActionExtension.appex */; settings = {ATTRIBUTES = (RemoveHeadersOnCopy, ); }; };
/* End PBXBuildFile section */

/* Begin PBXContainerItemProxy section */
		FC7922CD2F08B62B00A66398 /* PBXContainerItemProxy */ = {
			isa = PBXContainerItemProxy;
			containerPortal = FC79220F2F08790C00A66398 /* Project object */;
			proxyType = 1;
			remoteGlobalIDString = FC7922C32F08B62B00A66398;
			remoteInfo = DeviceActivityMonitorExtension;
		};
		FC7922E52F08B77C00A66398 /* PBXContainerItemProxy */ = {
			isa = PBXContainerItemProxy;
			containerPortal = FC79220F2F08790C00A66398 /* Project object */;
			proxyType = 1;
			remoteGlobalIDString = FC7922DA2F08B77C00A66398;
			remoteInfo = ShieldConfigurationExtension;
		};
		FC7922F72F08B7A400A66398 /* PBXContainerItemProxy */ = {
			isa = PBXContainerItemProxy;
			containerPortal = FC79220F2F08790C00A66398 /* Project object */;
			proxyType = 1;
			remoteGlobalIDString = FC7922EF2F08B7A400A66398;
			remoteInfo = ShieldActionExtension;
		};
/* End PBXContainerItemProxy section */

/* Begin PBXCopyFilesBuildPhase section */
		FC7922D42F08B62B00A66398 /* Embed Foundation Extensions */ = {
			isa = PBXCopyFilesBuildPhase;
			buildActionMask = 2147483647;
			dstPath = "";
			dstSubfolderSpec = 13;
			files = (
				FC7922E72F08B77C00A66398 /* ShieldConfigurationExtension.appex in Embed Foundation Extensions */,
				FC7922CF2F08B62B00A66398 /* DeviceActivityMonitorExtension.appex in Embed Foundation Extensions */,
				FC7922F92F08B7A400A66398 /* ShieldActionExtension.appex in Embed Foundation Extensions */,
			);
			name = "Embed Foundation Extensions";
			runOnlyForDeploymentPostprocessing = 0;
		};
/* End PBXCopyFilesBuildPhase section */

/* Begin PBXFileReference section */
		FC7922172F08790C00A66398 /* LockedIn.app */ = {isa = PBXFileReference; explicitFileType = wrapper.application; includeInIndex = 0; path = LockedIn.app; sourceTree = BUILT_PRODUCTS_DIR; };
		FC7922C42F08B62B00A66398 /* DeviceActivityMonitorExtension.appex */ = {isa = PBXFileReference; explicitFileType = "wrapper.app-extension"; includeInIndex = 0; path = DeviceActivityMonitorExtension.appex; sourceTree = BUILT_PRODUCTS_DIR; };
		FC7922C62F08B62B00A66398 /* DeviceActivity.framework */ = {isa = PBXFileReference; lastKnownFileType = wrapper.framework; name = DeviceActivity.framework; path = System/Library/Frameworks/DeviceActivity.framework; sourceTree = SDKROOT; };
		FC7922DB2F08B77C00A66398 /* ShieldConfigurationExtension.appex */ = {isa = PBXFileReference; explicitFileType = "wrapper.app-extension"; includeInIndex = 0; path = ShieldConfigurationExtension.appex; sourceTree = BUILT_PRODUCTS_DIR; };
		FC7922DC2F08B77C00A66398 /* ManagedSettings.framework */ = {isa = PBXFileReference; lastKnownFileType = wrapper.framework; name = ManagedSettings.framework; path = System/Library/Frameworks/ManagedSettings.framework; sourceTree = SDKROOT; };
		FC7922DE2F08B77C00A66398 /* ManagedSettingsUI.framework */ = {isa = PBXFileReference; lastKnownFileType = wrapper.framework; name = ManagedSettingsUI.framework; path = Library/Frameworks/ManagedSettingsUI.framework; sourceTree = DEVELOPER_DIR; };
		FC7922F02F08B7A400A66398 /* ShieldActionExtension.appex */ = {isa = PBXFileReference; explicitFileType = "wrapper.app-extension"; includeInIndex = 0; path = ShieldActionExtension.appex; sourceTree = BUILT_PRODUCTS_DIR; };
/* End PBXFileReference section */

/* Begin PBXFileSystemSynchronizedBuildFileExceptionSet section */
		FC7922D02F08B62B00A66398 /* Exceptions for "DeviceActivityMonitorExtension" folder in "DeviceActivityMonitorExtension" target */ = {
			isa = PBXFileSystemSynchronizedBuildFileExceptionSet;
			membershipExceptions = (
				Info.plist,
			);
			target = FC7922C32F08B62B00A66398 /* DeviceActivityMonitorExtension */;
		};
		FC7922E82F08B77C00A66398 /* Exceptions for "ShieldConfigurationExtension" folder in "ShieldConfigurationExtension" target */ = {
			isa = PBXFileSystemSynchronizedBuildFileExceptionSet;
			membershipExceptions = (
				Info.plist,
			);
			target = FC7922DA2F08B77C00A66398 /* ShieldConfigurationExtension */;
		};
		FC7922FA2F08B7A400A66398 /* Exceptions for "ShieldActionExtension" folder in "ShieldActionExtension" target */ = {
			isa = PBXFileSystemSynchronizedBuildFileExceptionSet;
			membershipExceptions = (
				Info.plist,
			);
			target = FC7922EF2F08B7A400A66398 /* ShieldActionExtension */;
		};
/* End PBXFileSystemSynchronizedBuildFileExceptionSet section */

/* Begin PBXFileSystemSynchronizedRootGroup section */
		FC7922192F08790C00A66398 /* LockedIn */ = {
			isa = PBXFileSystemSynchronizedRootGroup;
			path = LockedIn;
			sourceTree = "<group>";
		};
		FC7922C82F08B62B00A66398 /* DeviceActivityMonitorExtension */ = {
			isa = PBXFileSystemSynchronizedRootGroup;
			exceptions = (
				FC7922D02F08B62B00A66398 /* Exceptions for "DeviceActivityMonitorExtension" folder in "DeviceActivityMonitorExtension" target */,
			);
			path = DeviceActivityMonitorExtension;
			sourceTree = "<group>";
		};
		FC7922E02F08B77C00A66398 /* ShieldConfigurationExtension */ = {
			isa = PBXFileSystemSynchronizedRootGroup;
			exceptions = (
				FC7922E82F08B77C00A66398 /* Exceptions for "ShieldConfigurationExtension" folder in "ShieldConfigurationExtension" target */,
			);
			path = ShieldConfigurationExtension;
			sourceTree = "<group>";
		};
		FC7922F22F08B7A400A66398 /* ShieldActionExtension */ = {
			isa = PBXFileSystemSynchronizedRootGroup;
			exceptions = (
				FC7922FA2F08B7A400A66398 /* Exceptions for "ShieldActionExtension" folder in "ShieldActionExtension" target */,
			);
			path = ShieldActionExtension;
			sourceTree = "<group>";
		};
/* End PBXFileSystemSynchronizedRootGroup section */

/* Begin PBXFrameworksBuildPhase section */
		FC7922142F08790C00A66398 /* Frameworks */ = {
			isa = PBXFrameworksBuildPhase;
			buildActionMask = 2147483647;
			files = (
			);
			runOnlyForDeploymentPostprocessing = 0;
		};
		FC7922C12F08B62B00A66398 /* Frameworks */ = {
			isa = PBXFrameworksBuildPhase;
			buildActionMask = 2147483647;
			files = (
				FC7922C72F08B62B00A66398 /* DeviceActivity.framework in Frameworks */,
			);
			runOnlyForDeploymentPostprocessing = 0;
		};
		FC7922D82F08B77C00A66398 /* Frameworks */ = {
			isa = PBXFrameworksBuildPhase;
			buildActionMask = 2147483647;
			files = (
				FC7922DD2F08B77C00A66398 /* ManagedSettings.framework in Frameworks */,
				FC7922DF2F08B77C00A66398 /* ManagedSettingsUI.framework in Frameworks */,
			);
			runOnlyForDeploymentPostprocessing = 0;
		};
		FC7922ED2F08B7A400A66398 /* Frameworks */ = {
			isa = PBXFrameworksBuildPhase;
			buildActionMask = 2147483647;
			files = (
				FC7922F12F08B7A400A66398 /* ManagedSettings.framework in Frameworks */,
			);
			runOnlyForDeploymentPostprocessing = 0;
		};
/* End PBXFrameworksBuildPhase section */

/* Begin PBXGroup section */
		FC79220E2F08790C00A66398 = {
			isa = PBXGroup;
			children = (
				FC7922192F08790C00A66398 /* LockedIn */,
				FC7922C82F08B62B00A66398 /* DeviceActivityMonitorExtension */,
				FC7922E02F08B77C00A66398 /* ShieldConfigurationExtension */,
				FC7922F22F08B7A400A66398 /* ShieldActionExtension */,
				FC7922C52F08B62B00A66398 /* Frameworks */,
				FC7922182F08790C00A66398 /* Products */,
			);
			sourceTree = "<group>";
		};
		FC7922182F08790C00A66398 /* Products */ = {
			isa = PBXGroup;
			children = (
				FC7922172F08790C00A66398 /* LockedIn.app */,
				FC7922C42F08B62B00A66398 /* DeviceActivityMonitorExtension.appex */,
				FC7922DB2F08B77C00A66398 /* ShieldConfigurationExtension.appex */,
				FC7922F02F08B7A400A66398 /* ShieldActionExtension.appex */,
			);
			name = Products;
			sourceTree = "<group>";
		};
		FC7922C52F08B62B00A66398 /* Frameworks */ = {
			isa = PBXGroup;
			children = (
				FC7922C62F08B62B00A66398 /* DeviceActivity.framework */,
				FC7922DC2F08B77C00A66398 /* ManagedSettings.framework */,
				FC7922DE2F08B77C00A66398 /* ManagedSettingsUI.framework */,
			);
			name = Frameworks;
			sourceTree = "<group>";
		};
/* End PBXGroup section */

/* Begin PBXNativeTarget section */
		FC7922162F08790C00A66398 /* LockedIn */ = {
			isa = PBXNativeTarget;
			buildConfigurationList = FC7922242F08790D00A66398 /* Build configuration list for PBXNativeTarget "LockedIn" */;
			buildPhases = (
				FC7922132F08790C00A66398 /* Sources */,
				FC7922142F08790C00A66398 /* Frameworks */,
				FC7922152F08790C00A66398 /* Resources */,
				FC7922D42F08B62B00A66398 /* Embed Foundation Extensions */,
			);
			buildRules = (
			);
			dependencies = (
				FC7922CE2F08B62B00A66398 /* PBXTargetDependency */,
				FC7922E62F08B77C00A66398 /* PBXTargetDependency */,
				FC7922F82F08B7A400A66398 /* PBXTargetDependency */,
			);
			fileSystemSynchronizedGroups = (
				FC7922192F08790C00A66398 /* LockedIn */,
			);
			name = LockedIn;
			packageProductDependencies = (
			);
			productName = LockedIn;
			productReference = FC7922172F08790C00A66398 /* LockedIn.app */;
			productType = "com.apple.product-type.application";
		};
		FC7922C32F08B62B00A66398 /* DeviceActivityMonitorExtension */ = {
			isa = PBXNativeTarget;
			buildConfigurationList = FC7922D12F08B62B00A66398 /* Build configuration list for PBXNativeTarget "DeviceActivityMonitorExtension" */;
			buildPhases = (
				FC7922C02F08B62B00A66398 /* Sources */,
				FC7922C12F08B62B00A66398 /* Frameworks */,
				FC7922C22F08B62B00A66398 /* Resources */,
			);
			buildRules = (
			);
			dependencies = (
			);
			fileSystemSynchronizedGroups = (
				FC7922C82F08B62B00A66398 /* DeviceActivityMonitorExtension */,
			);
			name = DeviceActivityMonitorExtension;
			packageProductDependencies = (
			);
			productName = DeviceActivityMonitorExtension;
			productReference = FC7922C42F08B62B00A66398 /* DeviceActivityMonitorExtension.appex */;
			productType = "com.apple.product-type.app-extension";
		};
		FC7922DA2F08B77C00A66398 /* ShieldConfigurationExtension */ = {
			isa = PBXNativeTarget;
			buildConfigurationList = FC7922E92F08B77C00A66398 /* Build configuration list for PBXNativeTarget "ShieldConfigurationExtension" */;
			buildPhases = (
				FC7922D72F08B77C00A66398 /* Sources */,
				FC7922D82F08B77C00A66398 /* Frameworks */,
				FC7922D92F08B77C00A66398 /* Resources */,
			);
			buildRules = (
			);
			dependencies = (
			);
			fileSystemSynchronizedGroups = (
				FC7922E02F08B77C00A66398 /* ShieldConfigurationExtension */,
			);
			name = ShieldConfigurationExtension;
			packageProductDependencies = (
			);
			productName = ShieldConfigurationExtension;
			productReference = FC7922DB2F08B77C00A66398 /* ShieldConfigurationExtension.appex */;
			productType = "com.apple.product-type.app-extension";
		};
		FC7922EF2F08B7A400A66398 /* ShieldActionExtension */ = {
			isa = PBXNativeTarget;
			buildConfigurationList = FC7922FB2F08B7A400A66398 /* Build configuration list for PBXNativeTarget "ShieldActionExtension" */;
			buildPhases = (
				FC7922EC2F08B7A400A66398 /* Sources */,
				FC7922ED2F08B7A400A66398 /* Frameworks */,
				FC7922EE2F08B7A400A66398 /* Resources */,
			);
			buildRules = (
			);
			dependencies = (
			);
			fileSystemSynchronizedGroups = (
				FC7922F22F08B7A400A66398 /* ShieldActionExtension */,
			);
			name = ShieldActionExtension;
			packageProductDependencies = (
			);
			productName = ShieldActionExtension;
			productReference = FC7922F02F08B7A400A66398 /* ShieldActionExtension.appex */;
			productType = "com.apple.product-type.app-extension";
		};
/* End PBXNativeTarget section */

/* Begin PBXProject section */
		FC79220F2F08790C00A66398 /* Project object */ = {
			isa = PBXProject;
			attributes = {
				BuildIndependentTargetsInParallel = 1;
				LastSwiftUpdateCheck = 2610;
				LastUpgradeCheck = 2610;
				TargetAttributes = {
					FC7922162F08790C00A66398 = {
						CreatedOnToolsVersion = 26.1.1;
					};
					FC7922C32F08B62B00A66398 = {
						CreatedOnToolsVersion = 26.1.1;
					};
					FC7922DA2F08B77C00A66398 = {
						CreatedOnToolsVersion = 26.1.1;
					};
					FC7922EF2F08B7A400A66398 = {
						CreatedOnToolsVersion = 26.1.1;
					};
				};
			};
			buildConfigurationList = FC7922122F08790C00A66398 /* Build configuration list for PBXProject "LockedIn" */;
			developmentRegion = en;
			hasScannedForEncodings = 0;
			knownRegions = (
				en,
				Base,
			);
			mainGroup = FC79220E2F08790C00A66398;
			minimizedProjectReferenceProxies = 1;
			preferredProjectObjectVersion = 77;
			productRefGroup = FC7922182F08790C00A66398 /* Products */;
			projectDirPath = "";
			projectRoot = "";
			targets = (
				FC7922162F08790C00A66398 /* LockedIn */,
				FC7922C32F08B62B00A66398 /* DeviceActivityMonitorExtension */,
				FC7922DA2F08B77C00A66398 /* ShieldConfigurationExtension */,
				FC7922EF2F08B7A400A66398 /* ShieldActionExtension */,
			);
		};
/* End PBXProject section */

/* Begin PBXResourcesBuildPhase section */
		FC7922152F08790C00A66398 /* Resources */ = {
			isa = PBXResourcesBuildPhase;
			buildActionMask = 2147483647;
			files = (
			);
			runOnlyForDeploymentPostprocessing = 0;
		};
		FC7922C22F08B62B00A66398 /* Resources */ = {
			isa = PBXResourcesBuildPhase;
			buildActionMask = 2147483647;
			files = (
			);
			runOnlyForDeploymentPostprocessing = 0;
		};
		FC7922D92F08B77C00A66398 /* Resources */ = {
			isa = PBXResourcesBuildPhase;
			buildActionMask = 2147483647;
			files = (
			);
			runOnlyForDeploymentPostprocessing = 0;
		};
		FC7922EE2F08B7A400A66398 /* Resources */ = {
			isa = PBXResourcesBuildPhase;
			buildActionMask = 2147483647;
			files = (
			);
			runOnlyForDeploymentPostprocessing = 0;
		};
/* End PBXResourcesBuildPhase section */

/* Begin PBXSourcesBuildPhase section */
		FC7922132F08790C00A66398 /* Sources */ = {
			isa = PBXSourcesBuildPhase;
			buildActionMask = 2147483647;
			files = (
			);
			runOnlyForDeploymentPostprocessing = 0;
		};
		FC7922C02F08B62B00A66398 /* Sources */ = {
			isa = PBXSourcesBuildPhase;
			buildActionMask = 2147483647;
			files = (
			);
			runOnlyForDeploymentPostprocessing = 0;
		};
		FC7922D72F08B77C00A66398 /* Sources */ = {
			isa = PBXSourcesBuildPhase;
			buildActionMask = 2147483647;
			files = (
			);
			runOnlyForDeploymentPostprocessing = 0;
		};
		FC7922EC2F08B7A400A66398 /* Sources */ = {
			isa = PBXSourcesBuildPhase;
			buildActionMask = 2147483647;
			files = (
			);
			runOnlyForDeploymentPostprocessing = 0;
		};
/* End PBXSourcesBuildPhase section */

/* Begin PBXTargetDependency section */
		FC7922CE2F08B62B00A66398 /* PBXTargetDependency */ = {
			isa = PBXTargetDependency;
			target = FC7922C32F08B62B00A66398 /* DeviceActivityMonitorExtension */;
			targetProxy = FC7922CD2F08B62B00A66398 /* PBXContainerItemProxy */;
		};
		FC7922E62F08B77C00A66398 /* PBXTargetDependency */ = {
			isa = PBXTargetDependency;
			target = FC7922DA2F08B77C00A66398 /* ShieldConfigurationExtension */;
			targetProxy = FC7922E52F08B77C00A66398 /* PBXContainerItemProxy */;
		};
		FC7922F82F08B7A400A66398 /* PBXTargetDependency */ = {
			isa = PBXTargetDependency;
			target = FC7922EF2F08B7A400A66398 /* ShieldActionExtension */;
			targetProxy = FC7922F72F08B7A400A66398 /* PBXContainerItemProxy */;
		};
/* End PBXTargetDependency section */

/* Begin XCBuildConfiguration section */
		FC7922222F08790D00A66398 /* Debug */ = {
			isa = XCBuildConfiguration;
			buildSettings = {
				ALWAYS_SEARCH_USER_PATHS = NO;
				ASSETCATALOG_COMPILER_GENERATE_SWIFT_ASSET_SYMBOL_EXTENSIONS = YES;
				CLANG_ANALYZER_NONNULL = YES;
				CLANG_ANALYZER_NUMBER_OBJECT_CONVERSION = YES_AGGRESSIVE;
				CLANG_CXX_LANGUAGE_STANDARD = "gnu++20";
				CLANG_ENABLE_MODULES = YES;
				CLANG_ENABLE_OBJC_ARC = YES;
				CLANG_ENABLE_OBJC_WEAK = YES;
				CLANG_WARN_BLOCK_CAPTURE_AUTORELEASING = YES;
				CLANG_WARN_BOOL_CONVERSION = YES;
				CLANG_WARN_COMMA = YES;
				CLANG_WARN_CONSTANT_CONVERSION = YES;
				CLANG_WARN_DEPRECATED_OBJC_IMPLEMENTATIONS = YES;
				CLANG_WARN_DIRECT_OBJC_ISA_USAGE = YES_ERROR;
				CLANG_WARN_DOCUMENTATION_COMMENTS = YES;
				CLANG_WARN_EMPTY_BODY = YES;
				CLANG_WARN_ENUM_CONVERSION = YES;
				CLANG_WARN_INFINITE_RECURSION = YES;
				CLANG_WARN_INT_CONVERSION = YES;
				CLANG_WARN_NON_LITERAL_NULL_CONVERSION = YES;
				CLANG_WARN_OBJC_IMPLICIT_RETAIN_SELF = YES;
				CLANG_WARN_OBJC_LITERAL_CONVERSION = YES;
				CLANG_WARN_OBJC_ROOT_CLASS = YES_ERROR;
				CLANG_WARN_QUOTED_INCLUDE_IN_FRAMEWORK_HEADER = YES;
				CLANG_WARN_RANGE_LOOP_ANALYSIS = YES;
				CLANG_WARN_STRICT_PROTOTYPES = YES;
				CLANG_WARN_SUSPICIOUS_MOVE = YES;
				CLANG_WARN_UNGUARDED_AVAILABILITY = YES_AGGRESSIVE;
				CLANG_WARN_UNREACHABLE_CODE = YES;
				CLANG_WARN__DUPLICATE_METHOD_MATCH = YES;
				COPY_PHASE_STRIP = NO;
				DEBUG_INFORMATION_FORMAT = dwarf;
				DEVELOPMENT_TEAM = 2GDFC79M88;
				ENABLE_STRICT_OBJC_MSGSEND = YES;
				ENABLE_TESTABILITY = YES;
				ENABLE_USER_SCRIPT_SANDBOXING = YES;
				GCC_C_LANGUAGE_STANDARD = gnu17;
				GCC_DYNAMIC_NO_PIC = NO;
				GCC_NO_COMMON_BLOCKS = YES;
				GCC_OPTIMIZATION_LEVEL = 0;
				GCC_PREPROCESSOR_DEFINITIONS = (
					"DEBUG=1",
					"$(inherited)",
				);
				GCC_WARN_64_TO_32_BIT_CONVERSION = YES;
				GCC_WARN_ABOUT_RETURN_TYPE = YES_ERROR;
				GCC_WARN_UNDECLARED_SELECTOR = YES;
				GCC_WARN_UNINITIALIZED_AUTOS = YES_AGGRESSIVE;
				GCC_WARN_UNUSED_FUNCTION = YES;
				GCC_WARN_UNUSED_VARIABLE = YES;
				LOCALIZATION_PREFERS_STRING_CATALOGS = YES;
				MTL_ENABLE_DEBUG_INFO = INCLUDE_SOURCE;
				MTL_FAST_MATH = YES;
				ONLY_ACTIVE_ARCH = YES;
				SWIFT_ACTIVE_COMPILATION_CONDITIONS = "DEBUG $(inherited)";
				SWIFT_OPTIMIZATION_LEVEL = "-Onone";
			};
			name = Debug;
		};
		FC7922232F08790D00A66398 /* Release */ = {
			isa = XCBuildConfiguration;
			buildSettings = {
				ALWAYS_SEARCH_USER_PATHS = NO;
				ASSETCATALOG_COMPILER_GENERATE_SWIFT_ASSET_SYMBOL_EXTENSIONS = YES;
				CLANG_ANALYZER_NONNULL = YES;
				CLANG_ANALYZER_NUMBER_OBJECT_CONVERSION = YES_AGGRESSIVE;
				CLANG_CXX_LANGUAGE_STANDARD = "gnu++20";
				CLANG_ENABLE_MODULES = YES;
				CLANG_ENABLE_OBJC_ARC = YES;
				CLANG_ENABLE_OBJC_WEAK = YES;
				CLANG_WARN_BLOCK_CAPTURE_AUTORELEASING = YES;
				CLANG_WARN_BOOL_CONVERSION = YES;
				CLANG_WARN_COMMA = YES;
				CLANG_WARN_CONSTANT_CONVERSION = YES;
				CLANG_WARN_DEPRECATED_OBJC_IMPLEMENTATIONS = YES;
				CLANG_WARN_DIRECT_OBJC_ISA_USAGE = YES_ERROR;
				CLANG_WARN_DOCUMENTATION_COMMENTS = YES;
				CLANG_WARN_EMPTY_BODY = YES;
				CLANG_WARN_ENUM_CONVERSION = YES;
				CLANG_WARN_INFINITE_RECURSION = YES;
				CLANG_WARN_INT_CONVERSION = YES;
				CLANG_WARN_NON_LITERAL_NULL_CONVERSION = YES;
				CLANG_WARN_OBJC_IMPLICIT_RETAIN_SELF = YES;
				CLANG_WARN_OBJC_LITERAL_CONVERSION = YES;
				CLANG_WARN_OBJC_ROOT_CLASS = YES_ERROR;
				CLANG_WARN_QUOTED_INCLUDE_IN_FRAMEWORK_HEADER = YES;
				CLANG_WARN_RANGE_LOOP_ANALYSIS = YES;
				CLANG_WARN_STRICT_PROTOTYPES = YES;
				CLANG_WARN_SUSPICIOUS_MOVE = YES;
				CLANG_WARN_UNGUARDED_AVAILABILITY = YES_AGGRESSIVE;
				CLANG_WARN_UNREACHABLE_CODE = YES;
				CLANG_WARN__DUPLICATE_METHOD_MATCH = YES;
				COPY_PHASE_STRIP = NO;
				DEBUG_INFORMATION_FORMAT = "dwarf-with-dsym";
				DEVELOPMENT_TEAM = 2GDFC79M88;
				ENABLE_NS_ASSERTIONS = NO;
				ENABLE_STRICT_OBJC_MSGSEND = YES;
				ENABLE_USER_SCRIPT_SANDBOXING = YES;
				GCC_C_LANGUAGE_STANDARD = gnu17;
				GCC_NO_COMMON_BLOCKS = YES;
				GCC_WARN_64_TO_32_BIT_CONVERSION = YES;
				GCC_WARN_ABOUT_RETURN_TYPE = YES_ERROR;
				GCC_WARN_UNDECLARED_SELECTOR = YES;
				GCC_WARN_UNINITIALIZED_AUTOS = YES_AGGRESSIVE;
				GCC_WARN_UNUSED_FUNCTION = YES;
				GCC_WARN_UNUSED_VARIABLE = YES;
				LOCALIZATION_PREFERS_STRING_CATALOGS = YES;
				MTL_ENABLE_DEBUG_INFO = NO;
				MTL_FAST_MATH = YES;
				SWIFT_COMPILATION_MODE = wholemodule;
			};
			name = Release;
		};
		FC7922252F08790D00A66398 /* Debug */ = {
			isa = XCBuildConfiguration;
			buildSettings = {
				ASSETCATALOG_COMPILER_APPICON_NAME = AppIcon;
				ASSETCATALOG_COMPILER_GLOBAL_ACCENT_COLOR_NAME = AccentColor;
				CODE_SIGN_ENTITLEMENTS = LockedIn/LockedIn.entitlements;
				CODE_SIGN_STYLE = Automatic;
				CURRENT_PROJECT_VERSION = 1;
				DEVELOPMENT_TEAM = 2GDFC79M88;
				ENABLE_APP_SANDBOX = YES;
				ENABLE_HARDENED_RUNTIME = YES;
				ENABLE_PREVIEWS = YES;
				ENABLE_USER_SELECTED_FILES = readonly;
				GENERATE_INFOPLIST_FILE = YES;
				INFOPLIST_KEY_CFBundleDisplayName = LOCKEDIN;
				INFOPLIST_KEY_NSHealthShareUsageDescription = "LockedIn reads your workouts to calculate earned screen time. Work out to unlock your apps.";
				"INFOPLIST_KEY_UIApplicationSceneManifest_Generation[sdk=iphoneos*]" = YES;
				"INFOPLIST_KEY_UIApplicationSceneManifest_Generation[sdk=iphonesimulator*]" = YES;
				"INFOPLIST_KEY_UIApplicationSupportsIndirectInputEvents[sdk=iphoneos*]" = YES;
				"INFOPLIST_KEY_UIApplicationSupportsIndirectInputEvents[sdk=iphonesimulator*]" = YES;
				INFOPLIST_KEY_UIBackgroundModes = "processing fetch";
				"INFOPLIST_KEY_UILaunchScreen_Generation[sdk=iphoneos*]" = YES;
				"INFOPLIST_KEY_UILaunchScreen_Generation[sdk=iphonesimulator*]" = YES;
				"INFOPLIST_KEY_UIStatusBarStyle[sdk=iphoneos*]" = UIStatusBarStyleDefault;
				"INFOPLIST_KEY_UIStatusBarStyle[sdk=iphonesimulator*]" = UIStatusBarStyleDefault;
				INFOPLIST_KEY_UISupportedInterfaceOrientations = UIInterfaceOrientationPortrait;
				INFOPLIST_KEY_UISupportedInterfaceOrientations_iPad = "UIInterfaceOrientationLandscapeLeft UIInterfaceOrientationLandscapeRight UIInterfaceOrientationPortrait UIInterfaceOrientationPortraitUpsideDown";
				IPHONEOS_DEPLOYMENT_TARGET = 18.6;
				LD_RUNPATH_SEARCH_PATHS = "@executable_path/Frameworks";
				"LD_RUNPATH_SEARCH_PATHS[sdk=macosx*]" = "@executable_path/../Frameworks";
				MACOSX_DEPLOYMENT_TARGET = 26.0;
				MARKETING_VERSION = 1.0;
				PRODUCT_BUNDLE_IDENTIFIER = usdk.LockedIn;
				PRODUCT_NAME = "$(TARGET_NAME)";
				REGISTER_APP_GROUPS = YES;
				SDKROOT = auto;
				STRING_CATALOG_GENERATE_SYMBOLS = YES;
				SUPPORTED_PLATFORMS = "iphoneos iphonesimulator";
				SUPPORTS_MACCATALYST = NO;
				SWIFT_ACTIVE_COMPILATION_CONDITIONS = "$(inherited) MAIN_APP";
				SWIFT_APPROACHABLE_CONCURRENCY = YES;
				SWIFT_DEFAULT_ACTOR_ISOLATION = MainActor;
				SWIFT_EMIT_LOC_STRINGS = YES;
				SWIFT_UPCOMING_FEATURE_MEMBER_IMPORT_VISIBILITY = YES;
				SWIFT_VERSION = 5.0;
				TARGETED_DEVICE_FAMILY = 1;
				XROS_DEPLOYMENT_TARGET = 26.1;
			};
			name = Debug;
		};
		FC7922262F08790D00A66398 /* Release */ = {
			isa = XCBuildConfiguration;
			buildSettings = {
				ASSETCATALOG_COMPILER_APPICON_NAME = AppIcon;
				ASSETCATALOG_COMPILER_GLOBAL_ACCENT_COLOR_NAME = AccentColor;
				CODE_SIGN_ENTITLEMENTS = LockedIn/LockedIn.entitlements;
				CODE_SIGN_STYLE = Automatic;
				CURRENT_PROJECT_VERSION = 1;
				DEVELOPMENT_TEAM = 2GDFC79M88;
				ENABLE_APP_SANDBOX = YES;
				ENABLE_HARDENED_RUNTIME = YES;
				ENABLE_PREVIEWS = YES;
				ENABLE_USER_SELECTED_FILES = readonly;
				GENERATE_INFOPLIST_FILE = YES;
				INFOPLIST_KEY_CFBundleDisplayName = LOCKEDIN;
				INFOPLIST_KEY_NSHealthShareUsageDescription = "LockedIn reads your workouts to calculate earned screen time. Work out to unlock your apps.";
				"INFOPLIST_KEY_UIApplicationSceneManifest_Generation[sdk=iphoneos*]" = YES;
				"INFOPLIST_KEY_UIApplicationSceneManifest_Generation[sdk=iphonesimulator*]" = YES;
				"INFOPLIST_KEY_UIApplicationSupportsIndirectInputEvents[sdk=iphoneos*]" = YES;
				"INFOPLIST_KEY_UIApplicationSupportsIndirectInputEvents[sdk=iphonesimulator*]" = YES;
				INFOPLIST_KEY_UIBackgroundModes = "processing fetch";
				"INFOPLIST_KEY_UILaunchScreen_Generation[sdk=iphoneos*]" = YES;
				"INFOPLIST_KEY_UILaunchScreen_Generation[sdk=iphonesimulator*]" = YES;
				"INFOPLIST_KEY_UIStatusBarStyle[sdk=iphoneos*]" = UIStatusBarStyleDefault;
				"INFOPLIST_KEY_UIStatusBarStyle[sdk=iphonesimulator*]" = UIStatusBarStyleDefault;
				INFOPLIST_KEY_UISupportedInterfaceOrientations = UIInterfaceOrientationPortrait;
				INFOPLIST_KEY_UISupportedInterfaceOrientations_iPad = "UIInterfaceOrientationLandscapeLeft UIInterfaceOrientationLandscapeRight UIInterfaceOrientationPortrait UIInterfaceOrientationPortraitUpsideDown";
				IPHONEOS_DEPLOYMENT_TARGET = 18.6;
				LD_RUNPATH_SEARCH_PATHS = "@executable_path/Frameworks";
				"LD_RUNPATH_SEARCH_PATHS[sdk=macosx*]" = "@executable_path/../Frameworks";
				MACOSX_DEPLOYMENT_TARGET = 26.0;
				MARKETING_VERSION = 1.0;
				PRODUCT_BUNDLE_IDENTIFIER = usdk.LockedIn;
				PRODUCT_NAME = "$(TARGET_NAME)";
				REGISTER_APP_GROUPS = YES;
				SDKROOT = auto;
				STRING_CATALOG_GENERATE_SYMBOLS = YES;
				SUPPORTED_PLATFORMS = "iphoneos iphonesimulator";
				SUPPORTS_MACCATALYST = NO;
				SWIFT_ACTIVE_COMPILATION_CONDITIONS = "$(inherited) MAIN_APP";
				SWIFT_APPROACHABLE_CONCURRENCY = YES;
				SWIFT_DEFAULT_ACTOR_ISOLATION = MainActor;
				SWIFT_EMIT_LOC_STRINGS = YES;
				SWIFT_UPCOMING_FEATURE_MEMBER_IMPORT_VISIBILITY = YES;
				SWIFT_VERSION = 5.0;
				TARGETED_DEVICE_FAMILY = 1;
				XROS_DEPLOYMENT_TARGET = 26.1;
			};
			name = Release;
		};
		FC7922D22F08B62B00A66398 /* Debug */ = {
			isa = XCBuildConfiguration;
			buildSettings = {
				CODE_SIGN_ENTITLEMENTS = DeviceActivityMonitorExtension/DeviceActivityMonitorExtension.entitlements;
				CODE_SIGN_STYLE = Automatic;
				CURRENT_PROJECT_VERSION = 1;
				DEVELOPMENT_TEAM = 2GDFC79M88;
				GENERATE_INFOPLIST_FILE = YES;
				INFOPLIST_FILE = DeviceActivityMonitorExtension/Info.plist;
				INFOPLIST_KEY_CFBundleDisplayName = DeviceActivityMonitorExtension;
				INFOPLIST_KEY_NSHumanReadableCopyright = "";
				IPHONEOS_DEPLOYMENT_TARGET = 26.1;
				LD_RUNPATH_SEARCH_PATHS = (
					"$(inherited)",
					"@executable_path/Frameworks",
					"@executable_path/../../Frameworks",
				);
				MARKETING_VERSION = 1.0;
				PRODUCT_BUNDLE_IDENTIFIER = usdk.LockedIn.DeviceActivityMonitorExtension;
				PRODUCT_NAME = "$(TARGET_NAME)";
				SDKROOT = iphoneos;
				SKIP_INSTALL = YES;
				STRING_CATALOG_GENERATE_SYMBOLS = YES;
				SWIFT_APPROACHABLE_CONCURRENCY = YES;
				SWIFT_EMIT_LOC_STRINGS = YES;
				SWIFT_UPCOMING_FEATURE_MEMBER_IMPORT_VISIBILITY = YES;
				SWIFT_VERSION = 5.0;
				TARGETED_DEVICE_FAMILY = "1,2";
			};
			name = Debug;
		};
		FC7922D32F08B62B00A66398 /* Release */ = {
			isa = XCBuildConfiguration;
			buildSettings = {
				CODE_SIGN_ENTITLEMENTS = DeviceActivityMonitorExtension/DeviceActivityMonitorExtension.entitlements;
				CODE_SIGN_STYLE = Automatic;
				CURRENT_PROJECT_VERSION = 1;
				DEVELOPMENT_TEAM = 2GDFC79M88;
				GENERATE_INFOPLIST_FILE = YES;
				INFOPLIST_FILE = DeviceActivityMonitorExtension/Info.plist;
				INFOPLIST_KEY_CFBundleDisplayName = DeviceActivityMonitorExtension;
				INFOPLIST_KEY_NSHumanReadableCopyright = "";
				IPHONEOS_DEPLOYMENT_TARGET = 26.1;
				LD_RUNPATH_SEARCH_PATHS = (
					"$(inherited)",
					"@executable_path/Frameworks",
					"@executable_path/../../Frameworks",
				);
				MARKETING_VERSION = 1.0;
				PRODUCT_BUNDLE_IDENTIFIER = usdk.LockedIn.DeviceActivityMonitorExtension;
				PRODUCT_NAME = "$(TARGET_NAME)";
				SDKROOT = iphoneos;
				SKIP_INSTALL = YES;
				STRING_CATALOG_GENERATE_SYMBOLS = YES;
				SWIFT_APPROACHABLE_CONCURRENCY = YES;
				SWIFT_EMIT_LOC_STRINGS = YES;
				SWIFT_UPCOMING_FEATURE_MEMBER_IMPORT_VISIBILITY = YES;
				SWIFT_VERSION = 5.0;
				TARGETED_DEVICE_FAMILY = "1,2";
				VALIDATE_PRODUCT = YES;
			};
			name = Release;
		};
		FC7922EA2F08B77C00A66398 /* Debug */ = {
			isa = XCBuildConfiguration;
			buildSettings = {
				CODE_SIGN_ENTITLEMENTS = ShieldConfigurationExtension/ShieldConfigurationExtension.entitlements;
				CODE_SIGN_STYLE = Automatic;
				CURRENT_PROJECT_VERSION = 1;
				DEVELOPMENT_TEAM = 2GDFC79M88;
				GENERATE_INFOPLIST_FILE = YES;
				INFOPLIST_FILE = ShieldConfigurationExtension/Info.plist;
				INFOPLIST_KEY_CFBundleDisplayName = ShieldConfigurationExtension;
				INFOPLIST_KEY_NSHumanReadableCopyright = "";
				IPHONEOS_DEPLOYMENT_TARGET = 26.1;
				LD_RUNPATH_SEARCH_PATHS = (
					"$(inherited)",
					"@executable_path/Frameworks",
					"@executable_path/../../Frameworks",
				);
				MARKETING_VERSION = 1.0;
				PRODUCT_BUNDLE_IDENTIFIER = usdk.LockedIn.ShieldConfigurationExtension;
				PRODUCT_NAME = "$(TARGET_NAME)";
				SDKROOT = iphoneos;
				SKIP_INSTALL = YES;
				STRING_CATALOG_GENERATE_SYMBOLS = YES;
				SWIFT_APPROACHABLE_CONCURRENCY = YES;
				SWIFT_EMIT_LOC_STRINGS = YES;
				SWIFT_UPCOMING_FEATURE_MEMBER_IMPORT_VISIBILITY = YES;
				SWIFT_VERSION = 5.0;
				TARGETED_DEVICE_FAMILY = "1,2";
			};
			name = Debug;
		};
		FC7922EB2F08B77C00A66398 /* Release */ = {
			isa = XCBuildConfiguration;
			buildSettings = {
				CODE_SIGN_ENTITLEMENTS = ShieldConfigurationExtension/ShieldConfigurationExtension.entitlements;
				CODE_SIGN_STYLE = Automatic;
				CURRENT_PROJECT_VERSION = 1;
				DEVELOPMENT_TEAM = 2GDFC79M88;
				GENERATE_INFOPLIST_FILE = YES;
				INFOPLIST_FILE = ShieldConfigurationExtension/Info.plist;
				INFOPLIST_KEY_CFBundleDisplayName = ShieldConfigurationExtension;
				INFOPLIST_KEY_NSHumanReadableCopyright = "";
				IPHONEOS_DEPLOYMENT_TARGET = 26.1;
				LD_RUNPATH_SEARCH_PATHS = (
					"$(inherited)",
					"@executable_path/Frameworks",
					"@executable_path/../../Frameworks",
				);
				MARKETING_VERSION = 1.0;
				PRODUCT_BUNDLE_IDENTIFIER = usdk.LockedIn.ShieldConfigurationExtension;
				PRODUCT_NAME = "$(TARGET_NAME)";
				SDKROOT = iphoneos;
				SKIP_INSTALL = YES;
				STRING_CATALOG_GENERATE_SYMBOLS = YES;
				SWIFT_APPROACHABLE_CONCURRENCY = YES;
				SWIFT_EMIT_LOC_STRINGS = YES;
				SWIFT_UPCOMING_FEATURE_MEMBER_IMPORT_VISIBILITY = YES;
				SWIFT_VERSION = 5.0;
				TARGETED_DEVICE_FAMILY = "1,2";
				VALIDATE_PRODUCT = YES;
			};
			name = Release;
		};
		FC7922FC2F08B7A400A66398 /* Debug */ = {
			isa = XCBuildConfiguration;
			buildSettings = {
				CODE_SIGN_ENTITLEMENTS = ShieldActionExtension/ShieldActionExtension.entitlements;
				CODE_SIGN_STYLE = Automatic;
				CURRENT_PROJECT_VERSION = 1;
				DEVELOPMENT_TEAM = 2GDFC79M88;
				GENERATE_INFOPLIST_FILE = YES;
				INFOPLIST_FILE = ShieldActionExtension/Info.plist;
				INFOPLIST_KEY_CFBundleDisplayName = ShieldActionExtension;
				INFOPLIST_KEY_NSHumanReadableCopyright = "";
				IPHONEOS_DEPLOYMENT_TARGET = 26.1;
				LD_RUNPATH_SEARCH_PATHS = (
					"$(inherited)",
					"@executable_path/Frameworks",
					"@executable_path/../../Frameworks",
				);
				MARKETING_VERSION = 1.0;
				PRODUCT_BUNDLE_IDENTIFIER = usdk.LockedIn.ShieldActionExtension;
				PRODUCT_NAME = "$(TARGET_NAME)";
				SDKROOT = iphoneos;
				SKIP_INSTALL = YES;
				STRING_CATALOG_GENERATE_SYMBOLS = YES;
				SWIFT_APPROACHABLE_CONCURRENCY = YES;
				SWIFT_EMIT_LOC_STRINGS = YES;
				SWIFT_UPCOMING_FEATURE_MEMBER_IMPORT_VISIBILITY = YES;
				SWIFT_VERSION = 5.0;
				TARGETED_DEVICE_FAMILY = "1,2";
			};
			name = Debug;
		};
		FC7922FD2F08B7A400A66398 /* Release */ = {
			isa = XCBuildConfiguration;
			buildSettings = {
				CODE_SIGN_ENTITLEMENTS = ShieldActionExtension/ShieldActionExtension.entitlements;
				CODE_SIGN_STYLE = Automatic;
				CURRENT_PROJECT_VERSION = 1;
				DEVELOPMENT_TEAM = 2GDFC79M88;
				GENERATE_INFOPLIST_FILE = YES;
				INFOPLIST_FILE = ShieldActionExtension/Info.plist;
				INFOPLIST_KEY_CFBundleDisplayName = ShieldActionExtension;
				INFOPLIST_KEY_NSHumanReadableCopyright = "";
				IPHONEOS_DEPLOYMENT_TARGET = 26.1;
				LD_RUNPATH_SEARCH_PATHS = (
					"$(inherited)",
					"@executable_path/Frameworks",
					"@executable_path/../../Frameworks",
				);
				MARKETING_VERSION = 1.0;
				PRODUCT_BUNDLE_IDENTIFIER = usdk.LockedIn.ShieldActionExtension;
				PRODUCT_NAME = "$(TARGET_NAME)";
				SDKROOT = iphoneos;
				SKIP_INSTALL = YES;
				STRING_CATALOG_GENERATE_SYMBOLS = YES;
				SWIFT_APPROACHABLE_CONCURRENCY = YES;
				SWIFT_EMIT_LOC_STRINGS = YES;
				SWIFT_UPCOMING_FEATURE_MEMBER_IMPORT_VISIBILITY = YES;
				SWIFT_VERSION = 5.0;
				TARGETED_DEVICE_FAMILY = "1,2";
				VALIDATE_PRODUCT = YES;
			};
			name = Release;
		};
/* End XCBuildConfiguration section */

/* Begin XCConfigurationList section */
		FC7922122F08790C00A66398 /* Build configuration list for PBXProject "LockedIn" */ = {
			isa = XCConfigurationList;
			buildConfigurations = (
				FC7922222F08790D00A66398 /* Debug */,
				FC7922232F08790D00A66398 /* Release */,
			);
			defaultConfigurationIsVisible = 0;
			defaultConfigurationName = Release;
		};
		FC7922242F08790D00A66398 /* Build configuration list for PBXNativeTarget "LockedIn" */ = {
			isa = XCConfigurationList;
			buildConfigurations = (
				FC7922252F08790D00A66398 /* Debug */,
				FC7922262F08790D00A66398 /* Release */,
			);
			defaultConfigurationIsVisible = 0;
			defaultConfigurationName = Release;
		};
		FC7922D12F08B62B00A66398 /* Build configuration list for PBXNativeTarget "DeviceActivityMonitorExtension" */ = {
			isa = XCConfigurationList;
			buildConfigurations = (
				FC7922D22F08B62B00A66398 /* Debug */,
				FC7922D32F08B62B00A66398 /* Release */,
			);
			defaultConfigurationIsVisible = 0;
			defaultConfigurationName = Release;
		};
		FC7922E92F08B77C00A66398 /* Build configuration list for PBXNativeTarget "ShieldConfigurationExtension" */ = {
			isa = XCConfigurationList;
			buildConfigurations = (
				FC7922EA2F08B77C00A66398 /* Debug */,
				FC7922EB2F08B77C00A66398 /* Release */,
			);
			defaultConfigurationIsVisible = 0;
			defaultConfigurationName = Release;
		};
		FC7922FB2F08B7A400A66398 /* Build configuration list for PBXNativeTarget "ShieldActionExtension" */ = {
			isa = XCConfigurationList;
			buildConfigurations = (
				FC7922FC2F08B7A400A66398 /* Debug */,
				FC7922FD2F08B7A400A66398 /* Release */,
			);
			defaultConfigurationIsVisible = 0;
			defaultConfigurationName = Release;
		};
/* End XCConfigurationList section */
	};
	rootObject = FC79220F2F08790C00A66398 /* Project object */;
}
